# This file is automatically @generated by Poetry and should not be changed by hand.

[[package]]
name = "pyreadline"
version = "2.1"
description = "A python implmementation of GNU readline."
category = "dev"
optional = false
python-versions = "*"
files = [
    {file = "pyreadline-2.1.zip", hash = "sha256:4530592fc2e85b25b1a9f79664433da09237c1a270e4d78ea5aa3a2c7229e2d1"},
]

[[package]]
name = "pyserial"
version = "3.5"
description = "Python Serial Port Extension"
category = "dev"
optional = false
python-versions = "*"
files = [
    {file = "pyserial-3.5-py2.py3-none-any.whl", hash = "sha256:c4451db6ba391ca6ca299fb3ec7bae67a5c55dde170964c7a14ceefec02f2cf0"},
    {file = "pyserial-3.5.tar.gz", hash = "sha256:3c77e014170dfffbd816e6ffc205e9842efb10be9f58ec16d3e8675b4925cddb"},
]

[package.extras]
cp2110 = ["hidapi"]

[[package]]
name = "pyudev"
version = "0.24.0"
description = "A libudev binding"
category = "dev"
optional = false
python-versions = ">=3.7"
files = [
    {file = "pyudev-0.24.0-py3-none-any.whl", hash = "sha256:d22451d9f10b4fef7737a0fa5c5664e7547cf9ae58a79084eb396e0ce9a0e406"},
    {file = "pyudev-0.24.0.tar.gz", hash = "sha256:b2a3afe1c99ea751f8296652557eac559874da2a1b1ec0625178706ec5a345f3"},
]

[[package]]
name = "rshell"
version = "0.0.31"
description = "A remote shell for working with MicroPython boards."
category = "dev"
optional = false
python-versions = "*"
files = [
    {file = "rshell-0.0.31.tar.gz", hash = "sha256:7942b758a9ae5c6ff46516b0317f437dfce9f0721f3a3b635ebd501c9cd38fb9"},
]

[package.dependencies]
pyreadline = {version = "*", markers = "sys_platform == \"win32\""}
pyserial = "*"
pyudev = ">=0.16"

[metadata]
lock-version = "2.0"
python-versions = "^3.10"
content-hash = "d95ddb2c5b15321790c9ea2e7f7adf38b4e8b07b743fdcad875f52f250abd33b"
